
Microsoft Visual Studio Solution File, Format Version 12.00
# Visual Studio Version 16
VisualStudioVersion = 16.0.33801.447
MinimumVisualStudioVersion = 10.0.40219.1
Project("{FAE04EC0-301F-11D3-BF4B-00C04F79EFBC}") = "MVC_CRUD", "MVC_CRUD\MVC_CRUD.csproj", "{C689D15B-873B-4235-B2F0-5AB5305EDE05}"
EndProject
Global
	GlobalSection(SolutionConfigurationPlatforms) = preSolution
		Debug|Any CPU = Debug|Any CPU
		Release|Any CPU = Release|Any CPU
	EndGlobalSection
	GlobalSection(ProjectConfigurationPlatforms) = postSolution
		{C689D15B-873B-4235-B2F0-5AB5305EDE05}.Debug|Any CPU.ActiveCfg = Debug|Any CPU
		{C689D15B-873B-4235-B2F0-5AB5305EDE05}.Debug|Any CPU.Build.0 = Debug|Any CPU
		{C689D15B-873B-4235-B2F0-5AB5305EDE05}.Release|Any CPU.ActiveCfg = Release|Any CPU
		{C689D15B-873B-4235-B2F0-5AB5305EDE05}.Release|Any CPU.Build.0 = Release|Any CPU
	EndGlobalSection
	GlobalSection(SolutionProperties) = preSolution
		HideSolutionNode = FALSE
	EndGlobalSection
	GlobalSection(ExtensibilityGlobals) = postSolution
		SolutionGuid = {1CC498FC-06CC-403E-BD2E-A0A33CAC9F27}
	EndGlobalSection
EndGlobal
